
Microsoft Visual Studio Solution File, Format Version 12.00
# Visual Studio 14
VisualStudioVersion = 14.0.25420.1
MinimumVisualStudioVersion = 10.0.40219.1
Project("{FAE04EC0-301F-11D3-BF4B-00C04F79EFBC}") = "Optimizer", "BattleMatch\Optimizer.csproj", "{6FA1A349-57DE-4904-8845-0905EE583F76}"
EndProject
Project("{FAE04EC0-301F-11D3-BF4B-00C04F79EFBC}") = "Optimizer.GUI", "BattleMatch.GUI\Optimizer.GUI.csproj", "{023D79CB-9A2A-4ADE-93E4-BB9918C638D0}"
EndProject
Project("{2150E333-8FDC-42A3-9474-1A3956D46DE8}") = "results", "results", "{99FF15BE-C600-4A47-BBAD-19CC9EA197A0}"
	ProjectSection(SolutionItems) = preProject
		..\results\001-Bulbasaur.txt = ..\results\001-Bulbasaur.txt
		..\results\002-Ivysaur.txt = ..\results\002-Ivysaur.txt
		..\results\003-Venusaur.txt = ..\results\003-Venusaur.txt
		..\results\004-Charmander.txt = ..\results\004-Charmander.txt
		..\results\005-Charmeleon.txt = ..\results\005-Charmeleon.txt
		..\results\006-Charizard.txt = ..\results\006-Charizard.txt
		..\results\007-Squirtle.txt = ..\results\007-Squirtle.txt
		..\results\008-Wartortle.txt = ..\results\008-Wartortle.txt
		..\results\009-Blastoise.txt = ..\results\009-Blastoise.txt
		..\results\010-Caterpie.txt = ..\results\010-Caterpie.txt
		..\results\011-Metapod.txt = ..\results\011-Metapod.txt
		..\results\012-Butterfree.txt = ..\results\012-Butterfree.txt
		..\results\013-Weedle.txt = ..\results\013-Weedle.txt
		..\results\014-Kakuna.txt = ..\results\014-Kakuna.txt
		..\results\015-Beedrill.txt = ..\results\015-Beedrill.txt
		..\results\016-Pidgey.txt = ..\results\016-Pidgey.txt
		..\results\017-Pidgeotto.txt = ..\results\017-Pidgeotto.txt
		..\results\018-Pidgeot.txt = ..\results\018-Pidgeot.txt
		..\results\019-Rattata.txt = ..\results\019-Rattata.txt
		..\results\020-Raticate.txt = ..\results\020-Raticate.txt
		..\results\021-Spearow.txt = ..\results\021-Spearow.txt
		..\results\022-Fearow.txt = ..\results\022-Fearow.txt
		..\results\023-Ekans.txt = ..\results\023-Ekans.txt
		..\results\024-Arbok.txt = ..\results\024-Arbok.txt
		..\results\025-Pikachu.txt = ..\results\025-Pikachu.txt
		..\results\026-Raichu.txt = ..\results\026-Raichu.txt
		..\results\027-Sandshrew.txt = ..\results\027-Sandshrew.txt
		..\results\028-Sandslash.txt = ..\results\028-Sandslash.txt
		..\results\029-Nidoran (f).txt = ..\results\029-Nidoran (f).txt
		..\results\030-Nidorina.txt = ..\results\030-Nidorina.txt
		..\results\031-Nidoqueen.txt = ..\results\031-Nidoqueen.txt
		..\results\032-Nidoran (m).txt = ..\results\032-Nidoran (m).txt
		..\results\033-Nidorino.txt = ..\results\033-Nidorino.txt
		..\results\034-Nidoking.txt = ..\results\034-Nidoking.txt
		..\results\035-Clefairy.txt = ..\results\035-Clefairy.txt
		..\results\036-Clefable.txt = ..\results\036-Clefable.txt
		..\results\037-Vulpix.txt = ..\results\037-Vulpix.txt
		..\results\038-Ninetales.txt = ..\results\038-Ninetales.txt
		..\results\039-Jigglypuff.txt = ..\results\039-Jigglypuff.txt
		..\results\040-Wigglytuff.txt = ..\results\040-Wigglytuff.txt
		..\results\041-Zubat.txt = ..\results\041-Zubat.txt
		..\results\042-Golbat.txt = ..\results\042-Golbat.txt
		..\results\043-Oddish.txt = ..\results\043-Oddish.txt
		..\results\044-Gloom.txt = ..\results\044-Gloom.txt
		..\results\045-Vileplume.txt = ..\results\045-Vileplume.txt
		..\results\046-Paras.txt = ..\results\046-Paras.txt
		..\results\047-Parasect.txt = ..\results\047-Parasect.txt
		..\results\048-Venonat.txt = ..\results\048-Venonat.txt
		..\results\049-Venomoth.txt = ..\results\049-Venomoth.txt
		..\results\050-Diglett.txt = ..\results\050-Diglett.txt
		..\results\051-Dugtrio.txt = ..\results\051-Dugtrio.txt
		..\results\052-Meowth.txt = ..\results\052-Meowth.txt
		..\results\053-Persian.txt = ..\results\053-Persian.txt
		..\results\054-Psyduck.txt = ..\results\054-Psyduck.txt
		..\results\055-Golduck.txt = ..\results\055-Golduck.txt
		..\results\056-Mankey.txt = ..\results\056-Mankey.txt
		..\results\057-Primeape.txt = ..\results\057-Primeape.txt
		..\results\058-Growlithe.txt = ..\results\058-Growlithe.txt
		..\results\059-Arcanine.txt = ..\results\059-Arcanine.txt
		..\results\060-Poliwag.txt = ..\results\060-Poliwag.txt
		..\results\061-Poliwhirl.txt = ..\results\061-Poliwhirl.txt
		..\results\062-Poliwrath.txt = ..\results\062-Poliwrath.txt
		..\results\063-Abra.txt = ..\results\063-Abra.txt
		..\results\064-Kadabra.txt = ..\results\064-Kadabra.txt
		..\results\065-Alakazam.txt = ..\results\065-Alakazam.txt
		..\results\066-Machop.txt = ..\results\066-Machop.txt
		..\results\067-Machoke.txt = ..\results\067-Machoke.txt
		..\results\068-Machamp.txt = ..\results\068-Machamp.txt
		..\results\069-Bellsprout.txt = ..\results\069-Bellsprout.txt
		..\results\070-Weepinbell.txt = ..\results\070-Weepinbell.txt
		..\results\071-Victreebel.txt = ..\results\071-Victreebel.txt
		..\results\072-Tentacool.txt = ..\results\072-Tentacool.txt
		..\results\073-Tentacruel.txt = ..\results\073-Tentacruel.txt
		..\results\074-Geodude.txt = ..\results\074-Geodude.txt
		..\results\075-Graveler.txt = ..\results\075-Graveler.txt
		..\results\076-Golem.txt = ..\results\076-Golem.txt
		..\results\077-Ponyta.txt = ..\results\077-Ponyta.txt
		..\results\078-Rapidash.txt = ..\results\078-Rapidash.txt
		..\results\079-Slowpoke.txt = ..\results\079-Slowpoke.txt
		..\results\080-Slowbro.txt = ..\results\080-Slowbro.txt
		..\results\081-Magnemite.txt = ..\results\081-Magnemite.txt
		..\results\082-Magneton.txt = ..\results\082-Magneton.txt
		..\results\083-Farfetch'd.txt = ..\results\083-Farfetch'd.txt
		..\results\084-Doduo.txt = ..\results\084-Doduo.txt
		..\results\085-Dodrio.txt = ..\results\085-Dodrio.txt
		..\results\086-Seel.txt = ..\results\086-Seel.txt
		..\results\087-Dewgong.txt = ..\results\087-Dewgong.txt
		..\results\088-Grimer.txt = ..\results\088-Grimer.txt
		..\results\089-Muk.txt = ..\results\089-Muk.txt
		..\results\090-Shellder.txt = ..\results\090-Shellder.txt
		..\results\091-Cloyster.txt = ..\results\091-Cloyster.txt
		..\results\092-Gastly.txt = ..\results\092-Gastly.txt
		..\results\093-Haunter.txt = ..\results\093-Haunter.txt
		..\results\094-Gengar.txt = ..\results\094-Gengar.txt
		..\results\095-Onix.txt = ..\results\095-Onix.txt
		..\results\096-Drowzee.txt = ..\results\096-Drowzee.txt
		..\results\097-Hypno.txt = ..\results\097-Hypno.txt
		..\results\098-Krabby.txt = ..\results\098-Krabby.txt
		..\results\099-Kingler.txt = ..\results\099-Kingler.txt
		..\results\100-Voltorb.txt = ..\results\100-Voltorb.txt
		..\results\101-Electrode.txt = ..\results\101-Electrode.txt
		..\results\102-Exeggcute.txt = ..\results\102-Exeggcute.txt
		..\results\103-Exeggutor.txt = ..\results\103-Exeggutor.txt
		..\results\104-Cubone.txt = ..\results\104-Cubone.txt
		..\results\105-Marowak.txt = ..\results\105-Marowak.txt
		..\results\106-Hitmonlee.txt = ..\results\106-Hitmonlee.txt
		..\results\107-Hitmonchan.txt = ..\results\107-Hitmonchan.txt
		..\results\108-Lickitung.txt = ..\results\108-Lickitung.txt
		..\results\109-Koffing.txt = ..\results\109-Koffing.txt
		..\results\110-Weezing.txt = ..\results\110-Weezing.txt
		..\results\111-Rhyhorn.txt = ..\results\111-Rhyhorn.txt
		..\results\112-Rhydon.txt = ..\results\112-Rhydon.txt
		..\results\113-Chansey.txt = ..\results\113-Chansey.txt
		..\results\114-Tangela.txt = ..\results\114-Tangela.txt
		..\results\115-Kangaskhan.txt = ..\results\115-Kangaskhan.txt
		..\results\116-Horsea.txt = ..\results\116-Horsea.txt
		..\results\117-Seadra.txt = ..\results\117-Seadra.txt
		..\results\118-Goldeen.txt = ..\results\118-Goldeen.txt
		..\results\119-Seaking.txt = ..\results\119-Seaking.txt
		..\results\120-Staryu.txt = ..\results\120-Staryu.txt
		..\results\121-Starmie.txt = ..\results\121-Starmie.txt
		..\results\122-Mr. Mime.txt = ..\results\122-Mr. Mime.txt
		..\results\123-Scyther.txt = ..\results\123-Scyther.txt
		..\results\124-Jynx.txt = ..\results\124-Jynx.txt
		..\results\125-Electabuzz.txt = ..\results\125-Electabuzz.txt
		..\results\126-Magmar.txt = ..\results\126-Magmar.txt
		..\results\127-Pinsir.txt = ..\results\127-Pinsir.txt
		..\results\128-Tauros.txt = ..\results\128-Tauros.txt
		..\results\129-Magikarp.txt = ..\results\129-Magikarp.txt
		..\results\130-Gyarados.txt = ..\results\130-Gyarados.txt
		..\results\131-Lapras.txt = ..\results\131-Lapras.txt
		..\results\132-Ditto.txt = ..\results\132-Ditto.txt
		..\results\133-Eevee.txt = ..\results\133-Eevee.txt
		..\results\134-Vaporeon.txt = ..\results\134-Vaporeon.txt
		..\results\135-Jolteon.txt = ..\results\135-Jolteon.txt
		..\results\136-Flareon.txt = ..\results\136-Flareon.txt
		..\results\137-Porygon.txt = ..\results\137-Porygon.txt
		..\results\138-Omanyte.txt = ..\results\138-Omanyte.txt
		..\results\139-Omastar.txt = ..\results\139-Omastar.txt
		..\results\140-Kabuto.txt = ..\results\140-Kabuto.txt
		..\results\141-Kabutops.txt = ..\results\141-Kabutops.txt
		..\results\142-Aerodactyl.txt = ..\results\142-Aerodactyl.txt
		..\results\143-Snorlax.txt = ..\results\143-Snorlax.txt
		..\results\144-Articuno.txt = ..\results\144-Articuno.txt
		..\results\145-Zapdos.txt = ..\results\145-Zapdos.txt
		..\results\146-Moltres.txt = ..\results\146-Moltres.txt
		..\results\147-Dratini.txt = ..\results\147-Dratini.txt
		..\results\148-Dragonair.txt = ..\results\148-Dragonair.txt
		..\results\149-Dragonite.txt = ..\results\149-Dragonite.txt
		..\results\150-Mewtwo.txt = ..\results\150-Mewtwo.txt
		..\results\151-Mew.txt = ..\results\151-Mew.txt
	EndProjectSection
EndProject
Global
	GlobalSection(SolutionConfigurationPlatforms) = preSolution
		Debug|Any CPU = Debug|Any CPU
		Release|Any CPU = Release|Any CPU
	EndGlobalSection
	GlobalSection(ProjectConfigurationPlatforms) = postSolution
		{6FA1A349-57DE-4904-8845-0905EE583F76}.Debug|Any CPU.ActiveCfg = Debug|Any CPU
		{6FA1A349-57DE-4904-8845-0905EE583F76}.Debug|Any CPU.Build.0 = Debug|Any CPU
		{6FA1A349-57DE-4904-8845-0905EE583F76}.Release|Any CPU.ActiveCfg = Release|Any CPU
		{6FA1A349-57DE-4904-8845-0905EE583F76}.Release|Any CPU.Build.0 = Release|Any CPU
		{023D79CB-9A2A-4ADE-93E4-BB9918C638D0}.Debug|Any CPU.ActiveCfg = Debug|Any CPU
		{023D79CB-9A2A-4ADE-93E4-BB9918C638D0}.Debug|Any CPU.Build.0 = Debug|Any CPU
		{023D79CB-9A2A-4ADE-93E4-BB9918C638D0}.Release|Any CPU.ActiveCfg = Release|Any CPU
		{023D79CB-9A2A-4ADE-93E4-BB9918C638D0}.Release|Any CPU.Build.0 = Release|Any CPU
	EndGlobalSection
	GlobalSection(SolutionProperties) = preSolution
		HideSolutionNode = FALSE
	EndGlobalSection
EndGlobal
