
Microsoft Visual Studio Solution File, Format Version 12.00
# Visual Studio 14
VisualStudioVersion = 14.0.25420.1
MinimumVisualStudioVersion = 10.0.40219.1
Project("{FAE04EC0-301F-11D3-BF4B-00C04F79EFBC}") = "Optimizer", "BattleMatch\Optimizer.csproj", "{6FA1A349-57DE-4904-8845-0905EE583F76}"
EndProject
Project("{FAE04EC0-301F-11D3-BF4B-00C04F79EFBC}") = "Optimizer.GUI", "BattleMatch.GUI\Optimizer.GUI.csproj", "{023D79CB-9A2A-4ADE-93E4-BB9918C638D0}"
EndProject
Project("{2150E333-8FDC-42A3-9474-1A3956D46DE8}") = "results", "results", "{99FF15BE-C600-4A47-BBAD-19CC9EA197A0}"
	ProjectSection(SolutionItems) = preProject
		..\results\CP-ranking.txt = ..\results\CP-ranking.txt
		..\results\HP-ranking.txt = ..\results\HP-ranking.txt
		..\results\total-ranking.txt = ..\results\total-ranking.txt
	EndProjectSection
EndProject
Project("{2150E333-8FDC-42A3-9474-1A3956D46DE8}") = "matchups", "matchups", "{4A45E310-6F7B-4753-9B1E-654F498BAECF}"
	ProjectSection(SolutionItems) = preProject
		..\results\matchups\001-Bulbasaur.txt = ..\results\matchups\001-Bulbasaur.txt
		..\results\matchups\002-Ivysaur.txt = ..\results\matchups\002-Ivysaur.txt
		..\results\matchups\003-Venusaur.txt = ..\results\matchups\003-Venusaur.txt
		..\results\matchups\004-Charmander.txt = ..\results\matchups\004-Charmander.txt
		..\results\matchups\005-Charmeleon.txt = ..\results\matchups\005-Charmeleon.txt
		..\results\matchups\006-Charizard.txt = ..\results\matchups\006-Charizard.txt
		..\results\matchups\007-Squirtle.txt = ..\results\matchups\007-Squirtle.txt
		..\results\matchups\008-Wartortle.txt = ..\results\matchups\008-Wartortle.txt
		..\results\matchups\009-Blastoise.txt = ..\results\matchups\009-Blastoise.txt
		..\results\matchups\010-Caterpie.txt = ..\results\matchups\010-Caterpie.txt
		..\results\matchups\011-Metapod.txt = ..\results\matchups\011-Metapod.txt
		..\results\matchups\012-Butterfree.txt = ..\results\matchups\012-Butterfree.txt
		..\results\matchups\013-Weedle.txt = ..\results\matchups\013-Weedle.txt
		..\results\matchups\014-Kakuna.txt = ..\results\matchups\014-Kakuna.txt
		..\results\matchups\015-Beedrill.txt = ..\results\matchups\015-Beedrill.txt
		..\results\matchups\016-Pidgey.txt = ..\results\matchups\016-Pidgey.txt
		..\results\matchups\017-Pidgeotto.txt = ..\results\matchups\017-Pidgeotto.txt
		..\results\matchups\018-Pidgeot.txt = ..\results\matchups\018-Pidgeot.txt
		..\results\matchups\019-Rattata.txt = ..\results\matchups\019-Rattata.txt
		..\results\matchups\020-Raticate.txt = ..\results\matchups\020-Raticate.txt
		..\results\matchups\021-Spearow.txt = ..\results\matchups\021-Spearow.txt
		..\results\matchups\022-Fearow.txt = ..\results\matchups\022-Fearow.txt
		..\results\matchups\023-Ekans.txt = ..\results\matchups\023-Ekans.txt
		..\results\matchups\024-Arbok.txt = ..\results\matchups\024-Arbok.txt
		..\results\matchups\025-Pikachu.txt = ..\results\matchups\025-Pikachu.txt
		..\results\matchups\026-Raichu.txt = ..\results\matchups\026-Raichu.txt
		..\results\matchups\027-Sandshrew.txt = ..\results\matchups\027-Sandshrew.txt
		..\results\matchups\028-Sandslash.txt = ..\results\matchups\028-Sandslash.txt
		..\results\matchups\029-Nidoran (f).txt = ..\results\matchups\029-Nidoran (f).txt
		..\results\matchups\030-Nidorina.txt = ..\results\matchups\030-Nidorina.txt
		..\results\matchups\031-Nidoqueen.txt = ..\results\matchups\031-Nidoqueen.txt
		..\results\matchups\032-Nidoran (m).txt = ..\results\matchups\032-Nidoran (m).txt
		..\results\matchups\033-Nidorino.txt = ..\results\matchups\033-Nidorino.txt
		..\results\matchups\034-Nidoking.txt = ..\results\matchups\034-Nidoking.txt
		..\results\matchups\035-Clefairy.txt = ..\results\matchups\035-Clefairy.txt
		..\results\matchups\036-Clefable.txt = ..\results\matchups\036-Clefable.txt
		..\results\matchups\037-Vulpix.txt = ..\results\matchups\037-Vulpix.txt
		..\results\matchups\038-Ninetales.txt = ..\results\matchups\038-Ninetales.txt
		..\results\matchups\039-Jigglypuff.txt = ..\results\matchups\039-Jigglypuff.txt
		..\results\matchups\040-Wigglytuff.txt = ..\results\matchups\040-Wigglytuff.txt
		..\results\matchups\041-Zubat.txt = ..\results\matchups\041-Zubat.txt
		..\results\matchups\042-Golbat.txt = ..\results\matchups\042-Golbat.txt
		..\results\matchups\043-Oddish.txt = ..\results\matchups\043-Oddish.txt
		..\results\matchups\044-Gloom.txt = ..\results\matchups\044-Gloom.txt
		..\results\matchups\045-Vileplume.txt = ..\results\matchups\045-Vileplume.txt
		..\results\matchups\046-Paras.txt = ..\results\matchups\046-Paras.txt
		..\results\matchups\047-Parasect.txt = ..\results\matchups\047-Parasect.txt
		..\results\matchups\048-Venonat.txt = ..\results\matchups\048-Venonat.txt
		..\results\matchups\049-Venomoth.txt = ..\results\matchups\049-Venomoth.txt
		..\results\matchups\050-Diglett.txt = ..\results\matchups\050-Diglett.txt
		..\results\matchups\051-Dugtrio.txt = ..\results\matchups\051-Dugtrio.txt
		..\results\matchups\052-Meowth.txt = ..\results\matchups\052-Meowth.txt
		..\results\matchups\053-Persian.txt = ..\results\matchups\053-Persian.txt
		..\results\matchups\054-Psyduck.txt = ..\results\matchups\054-Psyduck.txt
		..\results\matchups\055-Golduck.txt = ..\results\matchups\055-Golduck.txt
		..\results\matchups\056-Mankey.txt = ..\results\matchups\056-Mankey.txt
		..\results\matchups\057-Primeape.txt = ..\results\matchups\057-Primeape.txt
		..\results\matchups\058-Growlithe.txt = ..\results\matchups\058-Growlithe.txt
		..\results\matchups\059-Arcanine.txt = ..\results\matchups\059-Arcanine.txt
		..\results\matchups\060-Poliwag.txt = ..\results\matchups\060-Poliwag.txt
		..\results\matchups\061-Poliwhirl.txt = ..\results\matchups\061-Poliwhirl.txt
		..\results\matchups\062-Poliwrath.txt = ..\results\matchups\062-Poliwrath.txt
		..\results\matchups\063-Abra.txt = ..\results\matchups\063-Abra.txt
		..\results\matchups\064-Kadabra.txt = ..\results\matchups\064-Kadabra.txt
		..\results\matchups\065-Alakazam.txt = ..\results\matchups\065-Alakazam.txt
		..\results\matchups\066-Machop.txt = ..\results\matchups\066-Machop.txt
		..\results\matchups\067-Machoke.txt = ..\results\matchups\067-Machoke.txt
		..\results\matchups\068-Machamp.txt = ..\results\matchups\068-Machamp.txt
		..\results\matchups\069-Bellsprout.txt = ..\results\matchups\069-Bellsprout.txt
		..\results\matchups\070-Weepinbell.txt = ..\results\matchups\070-Weepinbell.txt
		..\results\matchups\071-Victreebel.txt = ..\results\matchups\071-Victreebel.txt
		..\results\matchups\072-Tentacool.txt = ..\results\matchups\072-Tentacool.txt
		..\results\matchups\073-Tentacruel.txt = ..\results\matchups\073-Tentacruel.txt
		..\results\matchups\074-Geodude.txt = ..\results\matchups\074-Geodude.txt
		..\results\matchups\075-Graveler.txt = ..\results\matchups\075-Graveler.txt
		..\results\matchups\076-Golem.txt = ..\results\matchups\076-Golem.txt
		..\results\matchups\077-Ponyta.txt = ..\results\matchups\077-Ponyta.txt
		..\results\matchups\078-Rapidash.txt = ..\results\matchups\078-Rapidash.txt
		..\results\matchups\079-Slowpoke.txt = ..\results\matchups\079-Slowpoke.txt
		..\results\matchups\080-Slowbro.txt = ..\results\matchups\080-Slowbro.txt
		..\results\matchups\081-Magnemite.txt = ..\results\matchups\081-Magnemite.txt
		..\results\matchups\082-Magneton.txt = ..\results\matchups\082-Magneton.txt
		..\results\matchups\083-Farfetch'd.txt = ..\results\matchups\083-Farfetch'd.txt
		..\results\matchups\084-Doduo.txt = ..\results\matchups\084-Doduo.txt
		..\results\matchups\085-Dodrio.txt = ..\results\matchups\085-Dodrio.txt
		..\results\matchups\086-Seel.txt = ..\results\matchups\086-Seel.txt
		..\results\matchups\087-Dewgong.txt = ..\results\matchups\087-Dewgong.txt
		..\results\matchups\088-Grimer.txt = ..\results\matchups\088-Grimer.txt
		..\results\matchups\089-Muk.txt = ..\results\matchups\089-Muk.txt
		..\results\matchups\090-Shellder.txt = ..\results\matchups\090-Shellder.txt
		..\results\matchups\091-Cloyster.txt = ..\results\matchups\091-Cloyster.txt
		..\results\matchups\092-Gastly.txt = ..\results\matchups\092-Gastly.txt
		..\results\matchups\093-Haunter.txt = ..\results\matchups\093-Haunter.txt
		..\results\matchups\094-Gengar.txt = ..\results\matchups\094-Gengar.txt
		..\results\matchups\095-Onix.txt = ..\results\matchups\095-Onix.txt
		..\results\matchups\096-Drowzee.txt = ..\results\matchups\096-Drowzee.txt
		..\results\matchups\097-Hypno.txt = ..\results\matchups\097-Hypno.txt
		..\results\matchups\098-Krabby.txt = ..\results\matchups\098-Krabby.txt
		..\results\matchups\099-Kingler.txt = ..\results\matchups\099-Kingler.txt
		..\results\matchups\100-Voltorb.txt = ..\results\matchups\100-Voltorb.txt
		..\results\matchups\101-Electrode.txt = ..\results\matchups\101-Electrode.txt
		..\results\matchups\102-Exeggcute.txt = ..\results\matchups\102-Exeggcute.txt
		..\results\matchups\103-Exeggutor.txt = ..\results\matchups\103-Exeggutor.txt
		..\results\matchups\104-Cubone.txt = ..\results\matchups\104-Cubone.txt
		..\results\matchups\105-Marowak.txt = ..\results\matchups\105-Marowak.txt
		..\results\matchups\106-Hitmonlee.txt = ..\results\matchups\106-Hitmonlee.txt
		..\results\matchups\107-Hitmonchan.txt = ..\results\matchups\107-Hitmonchan.txt
		..\results\matchups\108-Lickitung.txt = ..\results\matchups\108-Lickitung.txt
		..\results\matchups\109-Koffing.txt = ..\results\matchups\109-Koffing.txt
		..\results\matchups\110-Weezing.txt = ..\results\matchups\110-Weezing.txt
		..\results\matchups\111-Rhyhorn.txt = ..\results\matchups\111-Rhyhorn.txt
		..\results\matchups\112-Rhydon.txt = ..\results\matchups\112-Rhydon.txt
		..\results\matchups\113-Chansey.txt = ..\results\matchups\113-Chansey.txt
		..\results\matchups\114-Tangela.txt = ..\results\matchups\114-Tangela.txt
		..\results\matchups\115-Kangaskhan.txt = ..\results\matchups\115-Kangaskhan.txt
		..\results\matchups\116-Horsea.txt = ..\results\matchups\116-Horsea.txt
		..\results\matchups\117-Seadra.txt = ..\results\matchups\117-Seadra.txt
		..\results\matchups\118-Goldeen.txt = ..\results\matchups\118-Goldeen.txt
		..\results\matchups\119-Seaking.txt = ..\results\matchups\119-Seaking.txt
		..\results\matchups\120-Staryu.txt = ..\results\matchups\120-Staryu.txt
		..\results\matchups\121-Starmie.txt = ..\results\matchups\121-Starmie.txt
		..\results\matchups\122-Mr. Mime.txt = ..\results\matchups\122-Mr. Mime.txt
		..\results\matchups\123-Scyther.txt = ..\results\matchups\123-Scyther.txt
		..\results\matchups\124-Jynx.txt = ..\results\matchups\124-Jynx.txt
		..\results\matchups\125-Electabuzz.txt = ..\results\matchups\125-Electabuzz.txt
		..\results\matchups\126-Magmar.txt = ..\results\matchups\126-Magmar.txt
		..\results\matchups\127-Pinsir.txt = ..\results\matchups\127-Pinsir.txt
		..\results\matchups\128-Tauros.txt = ..\results\matchups\128-Tauros.txt
		..\results\matchups\129-Magikarp.txt = ..\results\matchups\129-Magikarp.txt
		..\results\matchups\130-Gyarados.txt = ..\results\matchups\130-Gyarados.txt
		..\results\matchups\131-Lapras.txt = ..\results\matchups\131-Lapras.txt
		..\results\matchups\132-Ditto.txt = ..\results\matchups\132-Ditto.txt
		..\results\matchups\133-Eevee.txt = ..\results\matchups\133-Eevee.txt
		..\results\matchups\134-Vaporeon.txt = ..\results\matchups\134-Vaporeon.txt
		..\results\matchups\135-Jolteon.txt = ..\results\matchups\135-Jolteon.txt
		..\results\matchups\136-Flareon.txt = ..\results\matchups\136-Flareon.txt
		..\results\matchups\137-Porygon.txt = ..\results\matchups\137-Porygon.txt
		..\results\matchups\138-Omanyte.txt = ..\results\matchups\138-Omanyte.txt
		..\results\matchups\139-Omastar.txt = ..\results\matchups\139-Omastar.txt
		..\results\matchups\140-Kabuto.txt = ..\results\matchups\140-Kabuto.txt
		..\results\matchups\141-Kabutops.txt = ..\results\matchups\141-Kabutops.txt
		..\results\matchups\142-Aerodactyl.txt = ..\results\matchups\142-Aerodactyl.txt
		..\results\matchups\143-Snorlax.txt = ..\results\matchups\143-Snorlax.txt
		..\results\matchups\144-Articuno.txt = ..\results\matchups\144-Articuno.txt
		..\results\matchups\145-Zapdos.txt = ..\results\matchups\145-Zapdos.txt
		..\results\matchups\146-Moltres.txt = ..\results\matchups\146-Moltres.txt
		..\results\matchups\147-Dratini.txt = ..\results\matchups\147-Dratini.txt
		..\results\matchups\148-Dragonair.txt = ..\results\matchups\148-Dragonair.txt
		..\results\matchups\149-Dragonite.txt = ..\results\matchups\149-Dragonite.txt
		..\results\matchups\150-Mewtwo.txt = ..\results\matchups\150-Mewtwo.txt
		..\results\matchups\151-Mew.txt = ..\results\matchups\151-Mew.txt
	EndProjectSection
EndProject
Project("{2150E333-8FDC-42A3-9474-1A3956D46DE8}") = "matchups-cpadjusted", "matchups-cpadjusted", "{4BB33E46-16C3-4FA0-9DA9-F2EC40B9DB1C}"
	ProjectSection(SolutionItems) = preProject
		..\results\matchups-cpadjusted\001-Bulbasaur.txt = ..\results\matchups-cpadjusted\001-Bulbasaur.txt
		..\results\matchups-cpadjusted\002-Ivysaur.txt = ..\results\matchups-cpadjusted\002-Ivysaur.txt
		..\results\matchups-cpadjusted\003-Venusaur.txt = ..\results\matchups-cpadjusted\003-Venusaur.txt
		..\results\matchups-cpadjusted\004-Charmander.txt = ..\results\matchups-cpadjusted\004-Charmander.txt
		..\results\matchups-cpadjusted\005-Charmeleon.txt = ..\results\matchups-cpadjusted\005-Charmeleon.txt
		..\results\matchups-cpadjusted\006-Charizard.txt = ..\results\matchups-cpadjusted\006-Charizard.txt
		..\results\matchups-cpadjusted\007-Squirtle.txt = ..\results\matchups-cpadjusted\007-Squirtle.txt
		..\results\matchups-cpadjusted\008-Wartortle.txt = ..\results\matchups-cpadjusted\008-Wartortle.txt
		..\results\matchups-cpadjusted\009-Blastoise.txt = ..\results\matchups-cpadjusted\009-Blastoise.txt
		..\results\matchups-cpadjusted\010-Caterpie.txt = ..\results\matchups-cpadjusted\010-Caterpie.txt
		..\results\matchups-cpadjusted\011-Metapod.txt = ..\results\matchups-cpadjusted\011-Metapod.txt
		..\results\matchups-cpadjusted\012-Butterfree.txt = ..\results\matchups-cpadjusted\012-Butterfree.txt
		..\results\matchups-cpadjusted\013-Weedle.txt = ..\results\matchups-cpadjusted\013-Weedle.txt
		..\results\matchups-cpadjusted\014-Kakuna.txt = ..\results\matchups-cpadjusted\014-Kakuna.txt
		..\results\matchups-cpadjusted\015-Beedrill.txt = ..\results\matchups-cpadjusted\015-Beedrill.txt
		..\results\matchups-cpadjusted\016-Pidgey.txt = ..\results\matchups-cpadjusted\016-Pidgey.txt
		..\results\matchups-cpadjusted\017-Pidgeotto.txt = ..\results\matchups-cpadjusted\017-Pidgeotto.txt
		..\results\matchups-cpadjusted\018-Pidgeot.txt = ..\results\matchups-cpadjusted\018-Pidgeot.txt
		..\results\matchups-cpadjusted\019-Rattata.txt = ..\results\matchups-cpadjusted\019-Rattata.txt
		..\results\matchups-cpadjusted\020-Raticate.txt = ..\results\matchups-cpadjusted\020-Raticate.txt
		..\results\matchups-cpadjusted\021-Spearow.txt = ..\results\matchups-cpadjusted\021-Spearow.txt
		..\results\matchups-cpadjusted\022-Fearow.txt = ..\results\matchups-cpadjusted\022-Fearow.txt
		..\results\matchups-cpadjusted\023-Ekans.txt = ..\results\matchups-cpadjusted\023-Ekans.txt
		..\results\matchups-cpadjusted\024-Arbok.txt = ..\results\matchups-cpadjusted\024-Arbok.txt
		..\results\matchups-cpadjusted\025-Pikachu.txt = ..\results\matchups-cpadjusted\025-Pikachu.txt
		..\results\matchups-cpadjusted\026-Raichu.txt = ..\results\matchups-cpadjusted\026-Raichu.txt
		..\results\matchups-cpadjusted\027-Sandshrew.txt = ..\results\matchups-cpadjusted\027-Sandshrew.txt
		..\results\matchups-cpadjusted\028-Sandslash.txt = ..\results\matchups-cpadjusted\028-Sandslash.txt
		..\results\matchups-cpadjusted\029-Nidoran (f).txt = ..\results\matchups-cpadjusted\029-Nidoran (f).txt
		..\results\matchups-cpadjusted\030-Nidorina.txt = ..\results\matchups-cpadjusted\030-Nidorina.txt
		..\results\matchups-cpadjusted\031-Nidoqueen.txt = ..\results\matchups-cpadjusted\031-Nidoqueen.txt
		..\results\matchups-cpadjusted\032-Nidoran (m).txt = ..\results\matchups-cpadjusted\032-Nidoran (m).txt
		..\results\matchups-cpadjusted\033-Nidorino.txt = ..\results\matchups-cpadjusted\033-Nidorino.txt
		..\results\matchups-cpadjusted\034-Nidoking.txt = ..\results\matchups-cpadjusted\034-Nidoking.txt
		..\results\matchups-cpadjusted\035-Clefairy.txt = ..\results\matchups-cpadjusted\035-Clefairy.txt
		..\results\matchups-cpadjusted\036-Clefable.txt = ..\results\matchups-cpadjusted\036-Clefable.txt
		..\results\matchups-cpadjusted\037-Vulpix.txt = ..\results\matchups-cpadjusted\037-Vulpix.txt
		..\results\matchups-cpadjusted\038-Ninetales.txt = ..\results\matchups-cpadjusted\038-Ninetales.txt
		..\results\matchups-cpadjusted\039-Jigglypuff.txt = ..\results\matchups-cpadjusted\039-Jigglypuff.txt
		..\results\matchups-cpadjusted\040-Wigglytuff.txt = ..\results\matchups-cpadjusted\040-Wigglytuff.txt
		..\results\matchups-cpadjusted\041-Zubat.txt = ..\results\matchups-cpadjusted\041-Zubat.txt
		..\results\matchups-cpadjusted\042-Golbat.txt = ..\results\matchups-cpadjusted\042-Golbat.txt
		..\results\matchups-cpadjusted\043-Oddish.txt = ..\results\matchups-cpadjusted\043-Oddish.txt
		..\results\matchups-cpadjusted\044-Gloom.txt = ..\results\matchups-cpadjusted\044-Gloom.txt
		..\results\matchups-cpadjusted\045-Vileplume.txt = ..\results\matchups-cpadjusted\045-Vileplume.txt
		..\results\matchups-cpadjusted\046-Paras.txt = ..\results\matchups-cpadjusted\046-Paras.txt
		..\results\matchups-cpadjusted\047-Parasect.txt = ..\results\matchups-cpadjusted\047-Parasect.txt
		..\results\matchups-cpadjusted\048-Venonat.txt = ..\results\matchups-cpadjusted\048-Venonat.txt
		..\results\matchups-cpadjusted\049-Venomoth.txt = ..\results\matchups-cpadjusted\049-Venomoth.txt
		..\results\matchups-cpadjusted\050-Diglett.txt = ..\results\matchups-cpadjusted\050-Diglett.txt
		..\results\matchups-cpadjusted\051-Dugtrio.txt = ..\results\matchups-cpadjusted\051-Dugtrio.txt
		..\results\matchups-cpadjusted\052-Meowth.txt = ..\results\matchups-cpadjusted\052-Meowth.txt
		..\results\matchups-cpadjusted\053-Persian.txt = ..\results\matchups-cpadjusted\053-Persian.txt
		..\results\matchups-cpadjusted\054-Psyduck.txt = ..\results\matchups-cpadjusted\054-Psyduck.txt
		..\results\matchups-cpadjusted\055-Golduck.txt = ..\results\matchups-cpadjusted\055-Golduck.txt
		..\results\matchups-cpadjusted\056-Mankey.txt = ..\results\matchups-cpadjusted\056-Mankey.txt
		..\results\matchups-cpadjusted\057-Primeape.txt = ..\results\matchups-cpadjusted\057-Primeape.txt
		..\results\matchups-cpadjusted\058-Growlithe.txt = ..\results\matchups-cpadjusted\058-Growlithe.txt
		..\results\matchups-cpadjusted\059-Arcanine.txt = ..\results\matchups-cpadjusted\059-Arcanine.txt
		..\results\matchups-cpadjusted\060-Poliwag.txt = ..\results\matchups-cpadjusted\060-Poliwag.txt
		..\results\matchups-cpadjusted\061-Poliwhirl.txt = ..\results\matchups-cpadjusted\061-Poliwhirl.txt
		..\results\matchups-cpadjusted\062-Poliwrath.txt = ..\results\matchups-cpadjusted\062-Poliwrath.txt
		..\results\matchups-cpadjusted\063-Abra.txt = ..\results\matchups-cpadjusted\063-Abra.txt
		..\results\matchups-cpadjusted\064-Kadabra.txt = ..\results\matchups-cpadjusted\064-Kadabra.txt
		..\results\matchups-cpadjusted\065-Alakazam.txt = ..\results\matchups-cpadjusted\065-Alakazam.txt
		..\results\matchups-cpadjusted\066-Machop.txt = ..\results\matchups-cpadjusted\066-Machop.txt
		..\results\matchups-cpadjusted\067-Machoke.txt = ..\results\matchups-cpadjusted\067-Machoke.txt
		..\results\matchups-cpadjusted\068-Machamp.txt = ..\results\matchups-cpadjusted\068-Machamp.txt
		..\results\matchups-cpadjusted\069-Bellsprout.txt = ..\results\matchups-cpadjusted\069-Bellsprout.txt
		..\results\matchups-cpadjusted\070-Weepinbell.txt = ..\results\matchups-cpadjusted\070-Weepinbell.txt
		..\results\matchups-cpadjusted\071-Victreebel.txt = ..\results\matchups-cpadjusted\071-Victreebel.txt
		..\results\matchups-cpadjusted\072-Tentacool.txt = ..\results\matchups-cpadjusted\072-Tentacool.txt
		..\results\matchups-cpadjusted\073-Tentacruel.txt = ..\results\matchups-cpadjusted\073-Tentacruel.txt
		..\results\matchups-cpadjusted\074-Geodude.txt = ..\results\matchups-cpadjusted\074-Geodude.txt
		..\results\matchups-cpadjusted\075-Graveler.txt = ..\results\matchups-cpadjusted\075-Graveler.txt
		..\results\matchups-cpadjusted\076-Golem.txt = ..\results\matchups-cpadjusted\076-Golem.txt
		..\results\matchups-cpadjusted\077-Ponyta.txt = ..\results\matchups-cpadjusted\077-Ponyta.txt
		..\results\matchups-cpadjusted\078-Rapidash.txt = ..\results\matchups-cpadjusted\078-Rapidash.txt
		..\results\matchups-cpadjusted\079-Slowpoke.txt = ..\results\matchups-cpadjusted\079-Slowpoke.txt
		..\results\matchups-cpadjusted\080-Slowbro.txt = ..\results\matchups-cpadjusted\080-Slowbro.txt
		..\results\matchups-cpadjusted\081-Magnemite.txt = ..\results\matchups-cpadjusted\081-Magnemite.txt
		..\results\matchups-cpadjusted\082-Magneton.txt = ..\results\matchups-cpadjusted\082-Magneton.txt
		..\results\matchups-cpadjusted\083-Farfetch'd.txt = ..\results\matchups-cpadjusted\083-Farfetch'd.txt
		..\results\matchups-cpadjusted\084-Doduo.txt = ..\results\matchups-cpadjusted\084-Doduo.txt
		..\results\matchups-cpadjusted\085-Dodrio.txt = ..\results\matchups-cpadjusted\085-Dodrio.txt
		..\results\matchups-cpadjusted\086-Seel.txt = ..\results\matchups-cpadjusted\086-Seel.txt
		..\results\matchups-cpadjusted\087-Dewgong.txt = ..\results\matchups-cpadjusted\087-Dewgong.txt
		..\results\matchups-cpadjusted\088-Grimer.txt = ..\results\matchups-cpadjusted\088-Grimer.txt
		..\results\matchups-cpadjusted\089-Muk.txt = ..\results\matchups-cpadjusted\089-Muk.txt
		..\results\matchups-cpadjusted\090-Shellder.txt = ..\results\matchups-cpadjusted\090-Shellder.txt
		..\results\matchups-cpadjusted\091-Cloyster.txt = ..\results\matchups-cpadjusted\091-Cloyster.txt
		..\results\matchups-cpadjusted\092-Gastly.txt = ..\results\matchups-cpadjusted\092-Gastly.txt
		..\results\matchups-cpadjusted\093-Haunter.txt = ..\results\matchups-cpadjusted\093-Haunter.txt
		..\results\matchups-cpadjusted\094-Gengar.txt = ..\results\matchups-cpadjusted\094-Gengar.txt
		..\results\matchups-cpadjusted\095-Onix.txt = ..\results\matchups-cpadjusted\095-Onix.txt
		..\results\matchups-cpadjusted\096-Drowzee.txt = ..\results\matchups-cpadjusted\096-Drowzee.txt
		..\results\matchups-cpadjusted\097-Hypno.txt = ..\results\matchups-cpadjusted\097-Hypno.txt
		..\results\matchups-cpadjusted\098-Krabby.txt = ..\results\matchups-cpadjusted\098-Krabby.txt
		..\results\matchups-cpadjusted\099-Kingler.txt = ..\results\matchups-cpadjusted\099-Kingler.txt
		..\results\matchups-cpadjusted\100-Voltorb.txt = ..\results\matchups-cpadjusted\100-Voltorb.txt
		..\results\matchups-cpadjusted\101-Electrode.txt = ..\results\matchups-cpadjusted\101-Electrode.txt
		..\results\matchups-cpadjusted\102-Exeggcute.txt = ..\results\matchups-cpadjusted\102-Exeggcute.txt
		..\results\matchups-cpadjusted\103-Exeggutor.txt = ..\results\matchups-cpadjusted\103-Exeggutor.txt
		..\results\matchups-cpadjusted\104-Cubone.txt = ..\results\matchups-cpadjusted\104-Cubone.txt
		..\results\matchups-cpadjusted\105-Marowak.txt = ..\results\matchups-cpadjusted\105-Marowak.txt
		..\results\matchups-cpadjusted\106-Hitmonlee.txt = ..\results\matchups-cpadjusted\106-Hitmonlee.txt
		..\results\matchups-cpadjusted\107-Hitmonchan.txt = ..\results\matchups-cpadjusted\107-Hitmonchan.txt
		..\results\matchups-cpadjusted\108-Lickitung.txt = ..\results\matchups-cpadjusted\108-Lickitung.txt
		..\results\matchups-cpadjusted\109-Koffing.txt = ..\results\matchups-cpadjusted\109-Koffing.txt
		..\results\matchups-cpadjusted\110-Weezing.txt = ..\results\matchups-cpadjusted\110-Weezing.txt
		..\results\matchups-cpadjusted\111-Rhyhorn.txt = ..\results\matchups-cpadjusted\111-Rhyhorn.txt
		..\results\matchups-cpadjusted\112-Rhydon.txt = ..\results\matchups-cpadjusted\112-Rhydon.txt
		..\results\matchups-cpadjusted\113-Chansey.txt = ..\results\matchups-cpadjusted\113-Chansey.txt
		..\results\matchups-cpadjusted\114-Tangela.txt = ..\results\matchups-cpadjusted\114-Tangela.txt
		..\results\matchups-cpadjusted\115-Kangaskhan.txt = ..\results\matchups-cpadjusted\115-Kangaskhan.txt
		..\results\matchups-cpadjusted\116-Horsea.txt = ..\results\matchups-cpadjusted\116-Horsea.txt
		..\results\matchups-cpadjusted\117-Seadra.txt = ..\results\matchups-cpadjusted\117-Seadra.txt
		..\results\matchups-cpadjusted\118-Goldeen.txt = ..\results\matchups-cpadjusted\118-Goldeen.txt
		..\results\matchups-cpadjusted\119-Seaking.txt = ..\results\matchups-cpadjusted\119-Seaking.txt
		..\results\matchups-cpadjusted\120-Staryu.txt = ..\results\matchups-cpadjusted\120-Staryu.txt
		..\results\matchups-cpadjusted\121-Starmie.txt = ..\results\matchups-cpadjusted\121-Starmie.txt
		..\results\matchups-cpadjusted\122-Mr. Mime.txt = ..\results\matchups-cpadjusted\122-Mr. Mime.txt
		..\results\matchups-cpadjusted\123-Scyther.txt = ..\results\matchups-cpadjusted\123-Scyther.txt
		..\results\matchups-cpadjusted\124-Jynx.txt = ..\results\matchups-cpadjusted\124-Jynx.txt
		..\results\matchups-cpadjusted\125-Electabuzz.txt = ..\results\matchups-cpadjusted\125-Electabuzz.txt
		..\results\matchups-cpadjusted\126-Magmar.txt = ..\results\matchups-cpadjusted\126-Magmar.txt
		..\results\matchups-cpadjusted\127-Pinsir.txt = ..\results\matchups-cpadjusted\127-Pinsir.txt
		..\results\matchups-cpadjusted\128-Tauros.txt = ..\results\matchups-cpadjusted\128-Tauros.txt
		..\results\matchups-cpadjusted\129-Magikarp.txt = ..\results\matchups-cpadjusted\129-Magikarp.txt
		..\results\matchups-cpadjusted\130-Gyarados.txt = ..\results\matchups-cpadjusted\130-Gyarados.txt
		..\results\matchups-cpadjusted\131-Lapras.txt = ..\results\matchups-cpadjusted\131-Lapras.txt
		..\results\matchups-cpadjusted\132-Ditto.txt = ..\results\matchups-cpadjusted\132-Ditto.txt
		..\results\matchups-cpadjusted\133-Eevee.txt = ..\results\matchups-cpadjusted\133-Eevee.txt
		..\results\matchups-cpadjusted\134-Vaporeon.txt = ..\results\matchups-cpadjusted\134-Vaporeon.txt
		..\results\matchups-cpadjusted\135-Jolteon.txt = ..\results\matchups-cpadjusted\135-Jolteon.txt
		..\results\matchups-cpadjusted\136-Flareon.txt = ..\results\matchups-cpadjusted\136-Flareon.txt
		..\results\matchups-cpadjusted\137-Porygon.txt = ..\results\matchups-cpadjusted\137-Porygon.txt
		..\results\matchups-cpadjusted\138-Omanyte.txt = ..\results\matchups-cpadjusted\138-Omanyte.txt
		..\results\matchups-cpadjusted\139-Omastar.txt = ..\results\matchups-cpadjusted\139-Omastar.txt
		..\results\matchups-cpadjusted\140-Kabuto.txt = ..\results\matchups-cpadjusted\140-Kabuto.txt
		..\results\matchups-cpadjusted\141-Kabutops.txt = ..\results\matchups-cpadjusted\141-Kabutops.txt
		..\results\matchups-cpadjusted\142-Aerodactyl.txt = ..\results\matchups-cpadjusted\142-Aerodactyl.txt
		..\results\matchups-cpadjusted\143-Snorlax.txt = ..\results\matchups-cpadjusted\143-Snorlax.txt
		..\results\matchups-cpadjusted\144-Articuno.txt = ..\results\matchups-cpadjusted\144-Articuno.txt
		..\results\matchups-cpadjusted\145-Zapdos.txt = ..\results\matchups-cpadjusted\145-Zapdos.txt
		..\results\matchups-cpadjusted\146-Moltres.txt = ..\results\matchups-cpadjusted\146-Moltres.txt
		..\results\matchups-cpadjusted\147-Dratini.txt = ..\results\matchups-cpadjusted\147-Dratini.txt
		..\results\matchups-cpadjusted\148-Dragonair.txt = ..\results\matchups-cpadjusted\148-Dragonair.txt
		..\results\matchups-cpadjusted\149-Dragonite.txt = ..\results\matchups-cpadjusted\149-Dragonite.txt
		..\results\matchups-cpadjusted\150-Mewtwo.txt = ..\results\matchups-cpadjusted\150-Mewtwo.txt
		..\results\matchups-cpadjusted\151-Mew.txt = ..\results\matchups-cpadjusted\151-Mew.txt
	EndProjectSection
EndProject
Project("{2150E333-8FDC-42A3-9474-1A3956D46DE8}") = "Solution Items", "Solution Items", "{E325EEE2-3F09-4CFE-94B6-4A971A551F58}"
	ProjectSection(SolutionItems) = preProject
		..\README.md = ..\README.md
	EndProjectSection
EndProject
Global
	GlobalSection(SolutionConfigurationPlatforms) = preSolution
		Debug|Any CPU = Debug|Any CPU
		Release|Any CPU = Release|Any CPU
	EndGlobalSection
	GlobalSection(ProjectConfigurationPlatforms) = postSolution
		{6FA1A349-57DE-4904-8845-0905EE583F76}.Debug|Any CPU.ActiveCfg = Debug|Any CPU
		{6FA1A349-57DE-4904-8845-0905EE583F76}.Debug|Any CPU.Build.0 = Debug|Any CPU
		{6FA1A349-57DE-4904-8845-0905EE583F76}.Release|Any CPU.ActiveCfg = Release|Any CPU
		{6FA1A349-57DE-4904-8845-0905EE583F76}.Release|Any CPU.Build.0 = Release|Any CPU
		{023D79CB-9A2A-4ADE-93E4-BB9918C638D0}.Debug|Any CPU.ActiveCfg = Debug|Any CPU
		{023D79CB-9A2A-4ADE-93E4-BB9918C638D0}.Debug|Any CPU.Build.0 = Debug|Any CPU
		{023D79CB-9A2A-4ADE-93E4-BB9918C638D0}.Release|Any CPU.ActiveCfg = Release|Any CPU
		{023D79CB-9A2A-4ADE-93E4-BB9918C638D0}.Release|Any CPU.Build.0 = Release|Any CPU
	EndGlobalSection
	GlobalSection(SolutionProperties) = preSolution
		HideSolutionNode = FALSE
	EndGlobalSection
	GlobalSection(NestedProjects) = preSolution
		{4A45E310-6F7B-4753-9B1E-654F498BAECF} = {99FF15BE-C600-4A47-BBAD-19CC9EA197A0}
		{4BB33E46-16C3-4FA0-9DA9-F2EC40B9DB1C} = {99FF15BE-C600-4A47-BBAD-19CC9EA197A0}
	EndGlobalSection
EndGlobal
