
Microsoft Visual Studio Solution File, Format Version 12.00
# Visual Studio 14
VisualStudioVersion = 14.0.25420.1
MinimumVisualStudioVersion = 10.0.40219.1
Project("{FAE04EC0-301F-11D3-BF4B-00C04F79EFBC}") = "Optimizer", "BattleMatch\Optimizer.csproj", "{6FA1A349-57DE-4904-8845-0905EE583F76}"
EndProject
Project("{FAE04EC0-301F-11D3-BF4B-00C04F79EFBC}") = "Optimizer.GUI", "BattleMatch.GUI\Optimizer.GUI.csproj", "{023D79CB-9A2A-4ADE-93E4-BB9918C638D0}"
EndProject
Global
	GlobalSection(SolutionConfigurationPlatforms) = preSolution
		Debug|Any CPU = Debug|Any CPU
		Release|Any CPU = Release|Any CPU
	EndGlobalSection
	GlobalSection(ProjectConfigurationPlatforms) = postSolution
		{6FA1A349-57DE-4904-8845-0905EE583F76}.Debug|Any CPU.ActiveCfg = Debug|Any CPU
		{6FA1A349-57DE-4904-8845-0905EE583F76}.Debug|Any CPU.Build.0 = Debug|Any CPU
		{6FA1A349-57DE-4904-8845-0905EE583F76}.Release|Any CPU.ActiveCfg = Release|Any CPU
		{6FA1A349-57DE-4904-8845-0905EE583F76}.Release|Any CPU.Build.0 = Release|Any CPU
		{023D79CB-9A2A-4ADE-93E4-BB9918C638D0}.Debug|Any CPU.ActiveCfg = Debug|Any CPU
		{023D79CB-9A2A-4ADE-93E4-BB9918C638D0}.Debug|Any CPU.Build.0 = Debug|Any CPU
		{023D79CB-9A2A-4ADE-93E4-BB9918C638D0}.Release|Any CPU.ActiveCfg = Release|Any CPU
		{023D79CB-9A2A-4ADE-93E4-BB9918C638D0}.Release|Any CPU.Build.0 = Release|Any CPU
	EndGlobalSection
	GlobalSection(SolutionProperties) = preSolution
		HideSolutionNode = FALSE
	EndGlobalSection
EndGlobal
